
Microsoft Visual Studio Solution File, Format Version 12.00
# Visual Studio Version 17
VisualStudioVersion = 17.10.34928.147
MinimumVisualStudioVersion = 10.0.40219.1
Project("{FAE04EC0-301F-11D3-BF4B-00C04F79EFBC}") = "ControleAcesso", "ControleAcesso\ControleAcesso.csproj", "{3D155604-4AF8-419B-8998-C7D968CCD888}"
EndProject
Global
	GlobalSection(SolutionConfigurationPlatforms) = preSolution
		Debug|Any CPU = Debug|Any CPU
		Release|Any CPU = Release|Any CPU
	EndGlobalSection
	GlobalSection(ProjectConfigurationPlatforms) = postSolution
		{3D155604-4AF8-419B-8998-C7D968CCD888}.Debug|Any CPU.ActiveCfg = Debug|Any CPU
		{3D155604-4AF8-419B-8998-C7D968CCD888}.Debug|Any CPU.Build.0 = Debug|Any CPU
		{3D155604-4AF8-419B-8998-C7D968CCD888}.Release|Any CPU.ActiveCfg = Release|Any CPU
		{3D155604-4AF8-419B-8998-C7D968CCD888}.Release|Any CPU.Build.0 = Release|Any CPU
	EndGlobalSection
	GlobalSection(SolutionProperties) = preSolution
		HideSolutionNode = FALSE
	EndGlobalSection
	GlobalSection(ExtensibilityGlobals) = postSolution
		SolutionGuid = {7118BBFD-9D8E-4600-B80A-0008E262497A}
	EndGlobalSection
EndGlobal
